<Solution>
  <Folder Name="/src/">
    <Project Path="src/LegacyLego.Application/LegacyLego.Application.csproj" />
    <Project Path="src/LegacyLego.Domain/LegacyLego.Domain.csproj" />
    <Project Path="src/LegacyLego.Infrastructure/LegacyLego.Infrastructure.csproj" Id="aa0b78bb-e9d7-493b-9282-a99a5a59d3bc" />
  </Folder>
  <Folder Name="/tests/">
    <Project Path="tests/LegacyLego.Domain.Tests/LegacyLego.Domain.Tests.csproj" />
  </Folder>
</Solution>
